
Microsoft Visual Studio Solution File, Format Version 12.00
# Visual Studio Version 17
VisualStudioVersion = 17.2.32630.192
MinimumVisualStudioVersion = 10.0.40219.1
Project("{FAE04EC0-301F-11D3-BF4B-00C04F79EFBC}") = "Exercicio-8", "Exercicio-8.csproj", "{59603EC0-9D97-488F-B6A0-222C9F96D9E3}"
EndProject
Global
	GlobalSection(SolutionConfigurationPlatforms) = preSolution
		Debug|Any CPU = Debug|Any CPU
		Release|Any CPU = Release|Any CPU
	EndGlobalSection
	GlobalSection(ProjectConfigurationPlatforms) = postSolution
		{59603EC0-9D97-488F-B6A0-222C9F96D9E3}.Debug|Any CPU.ActiveCfg = Debug|Any CPU
		{59603EC0-9D97-488F-B6A0-222C9F96D9E3}.Debug|Any CPU.Build.0 = Debug|Any CPU
		{59603EC0-9D97-488F-B6A0-222C9F96D9E3}.Release|Any CPU.ActiveCfg = Release|Any CPU
		{59603EC0-9D97-488F-B6A0-222C9F96D9E3}.Release|Any CPU.Build.0 = Release|Any CPU
	EndGlobalSection
	GlobalSection(SolutionProperties) = preSolution
		HideSolutionNode = FALSE
	EndGlobalSection
	GlobalSection(ExtensibilityGlobals) = postSolution
		SolutionGuid = {AB6EADE3-5288-4C80-BBEC-ADD217AA60D9}
	EndGlobalSection
EndGlobal
