
Microsoft Visual Studio Solution File, Format Version 12.00
# Visual Studio Version 17
VisualStudioVersion = 17.3.32825.248
MinimumVisualStudioVersion = 10.0.40219.1
Project("{FAE04EC0-301F-11D3-BF4B-00C04F79EFBC}") = "ExemploWebAPI", "ExemploWebAPI\ExemploWebAPI.csproj", "{C6632428-C93D-4A39-BB06-9CBC60CBF2D4}"
EndProject
Global
	GlobalSection(SolutionConfigurationPlatforms) = preSolution
		Debug|Any CPU = Debug|Any CPU
		Release|Any CPU = Release|Any CPU
	EndGlobalSection
	GlobalSection(ProjectConfigurationPlatforms) = postSolution
		{C6632428-C93D-4A39-BB06-9CBC60CBF2D4}.Debug|Any CPU.ActiveCfg = Debug|Any CPU
		{C6632428-C93D-4A39-BB06-9CBC60CBF2D4}.Debug|Any CPU.Build.0 = Debug|Any CPU
		{C6632428-C93D-4A39-BB06-9CBC60CBF2D4}.Release|Any CPU.ActiveCfg = Release|Any CPU
		{C6632428-C93D-4A39-BB06-9CBC60CBF2D4}.Release|Any CPU.Build.0 = Release|Any CPU
	EndGlobalSection
	GlobalSection(SolutionProperties) = preSolution
		HideSolutionNode = FALSE
	EndGlobalSection
	GlobalSection(ExtensibilityGlobals) = postSolution
		SolutionGuid = {AB3DAC6D-4CBC-4304-8B22-E79CCDD2C0DD}
	EndGlobalSection
EndGlobal
