
Microsoft Visual Studio Solution File, Format Version 12.00
# Visual Studio Version 17
VisualStudioVersion = 17.2.32630.192
MinimumVisualStudioVersion = 10.0.40219.1
Project("{FAE04EC0-301F-11D3-BF4B-00C04F79EFBC}") = "Exercicio-10", "Exercicio-10\Exercicio-10.csproj", "{09E08B9D-980B-4CD8-8C0C-8B0F82F42DE7}"
EndProject
Global
	GlobalSection(SolutionConfigurationPlatforms) = preSolution
		Debug|Any CPU = Debug|Any CPU
		Release|Any CPU = Release|Any CPU
	EndGlobalSection
	GlobalSection(ProjectConfigurationPlatforms) = postSolution
		{09E08B9D-980B-4CD8-8C0C-8B0F82F42DE7}.Debug|Any CPU.ActiveCfg = Debug|Any CPU
		{09E08B9D-980B-4CD8-8C0C-8B0F82F42DE7}.Debug|Any CPU.Build.0 = Debug|Any CPU
		{09E08B9D-980B-4CD8-8C0C-8B0F82F42DE7}.Release|Any CPU.ActiveCfg = Release|Any CPU
		{09E08B9D-980B-4CD8-8C0C-8B0F82F42DE7}.Release|Any CPU.Build.0 = Release|Any CPU
	EndGlobalSection
	GlobalSection(SolutionProperties) = preSolution
		HideSolutionNode = FALSE
	EndGlobalSection
	GlobalSection(ExtensibilityGlobals) = postSolution
		SolutionGuid = {C8AFAD0D-CCD7-4F4A-B36D-A423F0F3657C}
	EndGlobalSection
EndGlobal
