
Microsoft Visual Studio Solution File, Format Version 12.00
# Visual Studio Version 17
VisualStudioVersion = 17.0.32126.317
MinimumVisualStudioVersion = 10.0.40219.1
Project("{FAE04EC0-301F-11D3-BF4B-00C04F79EFBC}") = "PLista20222", "PLista20222\PLista20222.csproj", "{F110F1F9-6917-4F34-B3DD-600CBAEF118D}"
EndProject
Global
	GlobalSection(SolutionConfigurationPlatforms) = preSolution
		Debug|Any CPU = Debug|Any CPU
		Release|Any CPU = Release|Any CPU
	EndGlobalSection
	GlobalSection(ProjectConfigurationPlatforms) = postSolution
		{F110F1F9-6917-4F34-B3DD-600CBAEF118D}.Debug|Any CPU.ActiveCfg = Debug|Any CPU
		{F110F1F9-6917-4F34-B3DD-600CBAEF118D}.Debug|Any CPU.Build.0 = Debug|Any CPU
		{F110F1F9-6917-4F34-B3DD-600CBAEF118D}.Release|Any CPU.ActiveCfg = Release|Any CPU
		{F110F1F9-6917-4F34-B3DD-600CBAEF118D}.Release|Any CPU.Build.0 = Release|Any CPU
	EndGlobalSection
	GlobalSection(SolutionProperties) = preSolution
		HideSolutionNode = FALSE
	EndGlobalSection
	GlobalSection(ExtensibilityGlobals) = postSolution
		SolutionGuid = {8CED5318-1C7D-4C9C-8A30-BA1454634E41}
	EndGlobalSection
EndGlobal
