
Microsoft Visual Studio Solution File, Format Version 12.00
# Visual Studio Version 17
VisualStudioVersion = 17.2.32630.192
MinimumVisualStudioVersion = 10.0.40219.1
Project("{FAE04EC0-301F-11D3-BF4B-00C04F79EFBC}") = "Exercicio-5", "Exercicio-5.csproj", "{770E2078-E085-4CDD-B5B4-2C2C63354CA5}"
EndProject
Global
	GlobalSection(SolutionConfigurationPlatforms) = preSolution
		Debug|Any CPU = Debug|Any CPU
		Release|Any CPU = Release|Any CPU
	EndGlobalSection
	GlobalSection(ProjectConfigurationPlatforms) = postSolution
		{770E2078-E085-4CDD-B5B4-2C2C63354CA5}.Debug|Any CPU.ActiveCfg = Debug|Any CPU
		{770E2078-E085-4CDD-B5B4-2C2C63354CA5}.Debug|Any CPU.Build.0 = Debug|Any CPU
		{770E2078-E085-4CDD-B5B4-2C2C63354CA5}.Release|Any CPU.ActiveCfg = Release|Any CPU
		{770E2078-E085-4CDD-B5B4-2C2C63354CA5}.Release|Any CPU.Build.0 = Release|Any CPU
	EndGlobalSection
	GlobalSection(SolutionProperties) = preSolution
		HideSolutionNode = FALSE
	EndGlobalSection
	GlobalSection(ExtensibilityGlobals) = postSolution
		SolutionGuid = {65B9CDC4-6C35-47EF-B0EC-45B5A91872D2}
	EndGlobalSection
EndGlobal
