
Microsoft Visual Studio Solution File, Format Version 12.00
# Visual Studio Version 17
VisualStudioVersion = 17.3.32819.101
MinimumVisualStudioVersion = 10.0.40219.1
Project("{FAE04EC0-301F-11D3-BF4B-00C04F79EFBC}") = "PPilha", "PPilha\PPilha.csproj", "{ABE570C5-FA7E-4B17-B2D6-6F648A97CF4B}"
EndProject
Global
	GlobalSection(SolutionConfigurationPlatforms) = preSolution
		Debug|Any CPU = Debug|Any CPU
		Release|Any CPU = Release|Any CPU
	EndGlobalSection
	GlobalSection(ProjectConfigurationPlatforms) = postSolution
		{ABE570C5-FA7E-4B17-B2D6-6F648A97CF4B}.Debug|Any CPU.ActiveCfg = Debug|Any CPU
		{ABE570C5-FA7E-4B17-B2D6-6F648A97CF4B}.Debug|Any CPU.Build.0 = Debug|Any CPU
		{ABE570C5-FA7E-4B17-B2D6-6F648A97CF4B}.Release|Any CPU.ActiveCfg = Release|Any CPU
		{ABE570C5-FA7E-4B17-B2D6-6F648A97CF4B}.Release|Any CPU.Build.0 = Release|Any CPU
	EndGlobalSection
	GlobalSection(SolutionProperties) = preSolution
		HideSolutionNode = FALSE
	EndGlobalSection
	GlobalSection(ExtensibilityGlobals) = postSolution
		SolutionGuid = {EAC09A2E-21CD-4336-B5C3-3520BBF1E1E2}
	EndGlobalSection
EndGlobal
