
Microsoft Visual Studio Solution File, Format Version 12.00
# Visual Studio Version 17
VisualStudioVersion = 17.3.32825.248
MinimumVisualStudioVersion = 10.0.40219.1
Project("{FAE04EC0-301F-11D3-BF4B-00C04F79EFBC}") = "PContatos", "PContatos\PContatos.csproj", "{EC1F25E5-03CD-474E-90A9-96FC7F48A77C}"
EndProject
Global
	GlobalSection(SolutionConfigurationPlatforms) = preSolution
		Debug|Any CPU = Debug|Any CPU
		Release|Any CPU = Release|Any CPU
	EndGlobalSection
	GlobalSection(ProjectConfigurationPlatforms) = postSolution
		{EC1F25E5-03CD-474E-90A9-96FC7F48A77C}.Debug|Any CPU.ActiveCfg = Debug|Any CPU
		{EC1F25E5-03CD-474E-90A9-96FC7F48A77C}.Debug|Any CPU.Build.0 = Debug|Any CPU
		{EC1F25E5-03CD-474E-90A9-96FC7F48A77C}.Release|Any CPU.ActiveCfg = Release|Any CPU
		{EC1F25E5-03CD-474E-90A9-96FC7F48A77C}.Release|Any CPU.Build.0 = Release|Any CPU
	EndGlobalSection
	GlobalSection(SolutionProperties) = preSolution
		HideSolutionNode = FALSE
	EndGlobalSection
	GlobalSection(ExtensibilityGlobals) = postSolution
		SolutionGuid = {A74BF676-41FD-494E-844B-E6CBD89C1606}
	EndGlobalSection
EndGlobal
