
Microsoft Visual Studio Solution File, Format Version 12.00
# Visual Studio Version 17
VisualStudioVersion = 17.1.32210.238
MinimumVisualStudioVersion = 10.0.40219.1
Project("{FAE04EC0-301F-11D3-BF4B-00C04F79EFBC}") = "PHeranca", "PHeranca\PHeranca.csproj", "{821BCD9B-4017-4C34-BF7B-C30D75CF6714}"
EndProject
Global
	GlobalSection(SolutionConfigurationPlatforms) = preSolution
		Debug|Any CPU = Debug|Any CPU
		Release|Any CPU = Release|Any CPU
	EndGlobalSection
	GlobalSection(ProjectConfigurationPlatforms) = postSolution
		{821BCD9B-4017-4C34-BF7B-C30D75CF6714}.Debug|Any CPU.ActiveCfg = Debug|Any CPU
		{821BCD9B-4017-4C34-BF7B-C30D75CF6714}.Debug|Any CPU.Build.0 = Debug|Any CPU
		{821BCD9B-4017-4C34-BF7B-C30D75CF6714}.Release|Any CPU.ActiveCfg = Release|Any CPU
		{821BCD9B-4017-4C34-BF7B-C30D75CF6714}.Release|Any CPU.Build.0 = Release|Any CPU
	EndGlobalSection
	GlobalSection(SolutionProperties) = preSolution
		HideSolutionNode = FALSE
	EndGlobalSection
	GlobalSection(ExtensibilityGlobals) = postSolution
		SolutionGuid = {8BB04AD1-A73A-4916-9CCC-24509621CE08}
	EndGlobalSection
EndGlobal
